// !$*UTF8*$!
{
	archiveVersion = 1;
	classes = {
	};
	objectVersion = 56;
	objects = {

/* Begin PBXBuildFile section */
		41380D8B2BD962FA00B3D50F /* AppDelegate.swift in Sources */ = {isa = PBXBuildFile; fileRef = 41380D8A2BD962FA00B3D50F /* AppDelegate.swift */; };
		41380D8D2BD962FA00B3D50F /* SceneDelegate.swift in Sources */ = {isa = PBXBuildFile; fileRef = 41380D8C2BD962FA00B3D50F /* SceneDelegate.swift */; };
		41380D8F2BD962FA00B3D50F /* ViewController.swift in Sources */ = {isa = PBXBuildFile; fileRef = 41380D8E2BD962FA00B3D50F /* ViewController.swift */; };
		41380D922BD962FA00B3D50F /* Base in Resources */ = {isa = PBXBuildFile; fileRef = 41380D912BD962FA00B3D50F /* Base */; };
		41380D942BD962FC00B3D50F /* Assets.xcassets in Resources */ = {isa = PBXBuildFile; fileRef = 41380D932BD962FC00B3D50F /* Assets.xcassets */; };
		41380D972BD962FC00B3D50F /* Base in Resources */ = {isa = PBXBuildFile; fileRef = 41380D962BD962FC00B3D50F /* Base */; };
		41380DA22BD962FC00B3D50F /* iKidTests.swift in Sources */ = {isa = PBXBuildFile; fileRef = 41380DA12BD962FC00B3D50F /* iKidTests.swift */; };
		41380DAC2BD962FC00B3D50F /* iKidUITests.swift in Sources */ = {isa = PBXBuildFile; fileRef = 41380DAB2BD962FC00B3D50F /* iKidUITests.swift */; };
		41380DAE2BD962FD00B3D50F /* iKidUITestsLaunchTests.swift in Sources */ = {isa = PBXBuildFile; fileRef = 41380DAD2BD962FD00B3D50F /* iKidUITestsLaunchTests.swift */; };
		41380DBB2BD9668000B3D50F /* GoodJokeViewController.swift in Sources */ = {isa = PBXBuildFile; fileRef = 41380DBA2BD9668000B3D50F /* GoodJokeViewController.swift */; };
		41380DBD2BD9669A00B3D50F /* PunJokeViewController.swift in Sources */ = {isa = PBXBuildFile; fileRef = 41380DBC2BD9669A00B3D50F /* PunJokeViewController.swift */; };
		41380DBF2BD966BE00B3D50F /* DadJokeViewController.swift in Sources */ = {isa = PBXBuildFile; fileRef = 41380DBE2BD966BE00B3D50F /* DadJokeViewController.swift */; };
		41BC91882BDB15C500B4AD2D /* DisplayJokeViewController.swift in Sources */ = {isa = PBXBuildFile; fileRef = 41BC91872BDB15C500B4AD2D /* DisplayJokeViewController.swift */; };
/* End PBXBuildFile section */

/* Begin PBXContainerItemProxy section */
		41380D9E2BD962FC00B3D50F /* PBXContainerItemProxy */ = {
			isa = PBXContainerItemProxy;
			containerPortal = 41380D7F2BD962FA00B3D50F /* Project object */;
			proxyType = 1;
			remoteGlobalIDString = 41380D862BD962FA00B3D50F;
			remoteInfo = iKid;
		};
		41380DA82BD962FC00B3D50F /* PBXContainerItemProxy */ = {
			isa = PBXContainerItemProxy;
			containerPortal = 41380D7F2BD962FA00B3D50F /* Project object */;
			proxyType = 1;
			remoteGlobalIDString = 41380D862BD962FA00B3D50F;
			remoteInfo = iKid;
		};
/* End PBXContainerItemProxy section */

/* Begin PBXFileReference section */
		41380D872BD962FA00B3D50F /* iKid.app */ = {isa = PBXFileReference; explicitFileType = wrapper.application; includeInIndex = 0; path = iKid.app; sourceTree = BUILT_PRODUCTS_DIR; };
		41380D8A2BD962FA00B3D50F /* AppDelegate.swift */ = {isa = PBXFileReference; lastKnownFileType = sourcecode.swift; path = AppDelegate.swift; sourceTree = "<group>"; };
		41380D8C2BD962FA00B3D50F /* SceneDelegate.swift */ = {isa = PBXFileReference; lastKnownFileType = sourcecode.swift; path = SceneDelegate.swift; sourceTree = "<group>"; };
		41380D8E2BD962FA00B3D50F /* ViewController.swift */ = {isa = PBXFileReference; lastKnownFileType = sourcecode.swift; path = ViewController.swift; sourceTree = "<group>"; };
		41380D912BD962FA00B3D50F /* Base */ = {isa = PBXFileReference; lastKnownFileType = file.storyboard; name = Base; path = Base.lproj/Main.storyboard; sourceTree = "<group>"; };
		41380D932BD962FC00B3D50F /* Assets.xcassets */ = {isa = PBXFileReference; lastKnownFileType = folder.assetcatalog; path = Assets.xcassets; sourceTree = "<group>"; };
		41380D962BD962FC00B3D50F /* Base */ = {isa = PBXFileReference; lastKnownFileType = file.storyboard; name = Base; path = Base.lproj/LaunchScreen.storyboard; sourceTree = "<group>"; };
		41380D982BD962FC00B3D50F /* Info.plist */ = {isa = PBXFileReference; lastKnownFileType = text.plist.xml; path = Info.plist; sourceTree = "<group>"; };
		41380D9D2BD962FC00B3D50F /* iKidTests.xctest */ = {isa = PBXFileReference; explicitFileType = wrapper.cfbundle; includeInIndex = 0; path = iKidTests.xctest; sourceTree = BUILT_PRODUCTS_DIR; };
		41380DA12BD962FC00B3D50F /* iKidTests.swift */ = {isa = PBXFileReference; lastKnownFileType = sourcecode.swift; path = iKidTests.swift; sourceTree = "<group>"; };
		41380DA72BD962FC00B3D50F /* iKidUITests.xctest */ = {isa = PBXFileReference; explicitFileType = wrapper.cfbundle; includeInIndex = 0; path = iKidUITests.xctest; sourceTree = BUILT_PRODUCTS_DIR; };
		41380DAB2BD962FC00B3D50F /* iKidUITests.swift */ = {isa = PBXFileReference; lastKnownFileType = sourcecode.swift; path = iKidUITests.swift; sourceTree = "<group>"; };
		41380DAD2BD962FD00B3D50F /* iKidUITestsLaunchTests.swift */ = {isa = PBXFileReference; lastKnownFileType = sourcecode.swift; path = iKidUITestsLaunchTests.swift; sourceTree = "<group>"; };
		41380DBA2BD9668000B3D50F /* GoodJokeViewController.swift */ = {isa = PBXFileReference; lastKnownFileType = sourcecode.swift; path = GoodJokeViewController.swift; sourceTree = "<group>"; };
		41380DBC2BD9669A00B3D50F /* PunJokeViewController.swift */ = {isa = PBXFileReference; lastKnownFileType = sourcecode.swift; path = PunJokeViewController.swift; sourceTree = "<group>"; };
		41380DBE2BD966BE00B3D50F /* DadJokeViewController.swift */ = {isa = PBXFileReference; lastKnownFileType = sourcecode.swift; path = DadJokeViewController.swift; sourceTree = "<group>"; };
		41BC91872BDB15C500B4AD2D /* DisplayJokeViewController.swift */ = {isa = PBXFileReference; lastKnownFileType = sourcecode.swift; path = DisplayJokeViewController.swift; sourceTree = "<group>"; };
/* End PBXFileReference section */

/* Begin PBXFrameworksBuildPhase section */
		41380D842BD962FA00B3D50F /* Frameworks */ = {
			isa = PBXFrameworksBuildPhase;
			buildActionMask = 2147483647;
			files = (
			);
			runOnlyForDeploymentPostprocessing = 0;
		};
		41380D9A2BD962FC00B3D50F /* Frameworks */ = {
			isa = PBXFrameworksBuildPhase;
			buildActionMask = 2147483647;
			files = (
			);
			runOnlyForDeploymentPostprocessing = 0;
		};
		41380DA42BD962FC00B3D50F /* Frameworks */ = {
			isa = PBXFrameworksBuildPhase;
			buildActionMask = 2147483647;
			files = (
			);
			runOnlyForDeploymentPostprocessing = 0;
		};
/* End PBXFrameworksBuildPhase section */

/* Begin PBXGroup section */
		41380D7E2BD962FA00B3D50F = {
			isa = PBXGroup;
			children = (
				41380D892BD962FA00B3D50F /* iKid */,
				41380DA02BD962FC00B3D50F /* iKidTests */,
				41380DAA2BD962FC00B3D50F /* iKidUITests */,
				41380D882BD962FA00B3D50F /* Products */,
			);
			sourceTree = "<group>";
		};
		41380D882BD962FA00B3D50F /* Products */ = {
			isa = PBXGroup;
			children = (
				41380D872BD962FA00B3D50F /* iKid.app */,
				41380D9D2BD962FC00B3D50F /* iKidTests.xctest */,
				41380DA72BD962FC00B3D50F /* iKidUITests.xctest */,
			);
			name = Products;
			sourceTree = "<group>";
		};
		41380D892BD962FA00B3D50F /* iKid */ = {
			isa = PBXGroup;
			children = (
				41380D8A2BD962FA00B3D50F /* AppDelegate.swift */,
				41380D8C2BD962FA00B3D50F /* SceneDelegate.swift */,
				41380D8E2BD962FA00B3D50F /* ViewController.swift */,
				41380D902BD962FA00B3D50F /* Main.storyboard */,
				41380D932BD962FC00B3D50F /* Assets.xcassets */,
				41380D952BD962FC00B3D50F /* LaunchScreen.storyboard */,
				41380D982BD962FC00B3D50F /* Info.plist */,
				41380DBA2BD9668000B3D50F /* GoodJokeViewController.swift */,
				41380DBC2BD9669A00B3D50F /* PunJokeViewController.swift */,
				41380DBE2BD966BE00B3D50F /* DadJokeViewController.swift */,
				41BC91872BDB15C500B4AD2D /* DisplayJokeViewController.swift */,
			);
			path = iKid;
			sourceTree = "<group>";
		};
		41380DA02BD962FC00B3D50F /* iKidTests */ = {
			isa = PBXGroup;
			children = (
				41380DA12BD962FC00B3D50F /* iKidTests.swift */,
			);
			path = iKidTests;
			sourceTree = "<group>";
		};
		41380DAA2BD962FC00B3D50F /* iKidUITests */ = {
			isa = PBXGroup;
			children = (
				41380DAB2BD962FC00B3D50F /* iKidUITests.swift */,
				41380DAD2BD962FD00B3D50F /* iKidUITestsLaunchTests.swift */,
			);
			path = iKidUITests;
			sourceTree = "<group>";
		};
/* End PBXGroup section */

/* Begin PBXNativeTarget section */
		41380D862BD962FA00B3D50F /* iKid */ = {
			isa = PBXNativeTarget;
			buildConfigurationList = 41380DB12BD962FD00B3D50F /* Build configuration list for PBXNativeTarget "iKid" */;
			buildPhases = (
				41380D832BD962FA00B3D50F /* Sources */,
				41380D842BD962FA00B3D50F /* Frameworks */,
				41380D852BD962FA00B3D50F /* Resources */,
			);
			buildRules = (
			);
			dependencies = (
			);
			name = iKid;
			productName = iKid;
			productReference = 41380D872BD962FA00B3D50F /* iKid.app */;
			productType = "com.apple.product-type.application";
		};
		41380D9C2BD962FC00B3D50F /* iKidTests */ = {
			isa = PBXNativeTarget;
			buildConfigurationList = 41380DB42BD962FD00B3D50F /* Build configuration list for PBXNativeTarget "iKidTests" */;
			buildPhases = (
				41380D992BD962FC00B3D50F /* Sources */,
				41380D9A2BD962FC00B3D50F /* Frameworks */,
				41380D9B2BD962FC00B3D50F /* Resources */,
			);
			buildRules = (
			);
			dependencies = (
				41380D9F2BD962FC00B3D50F /* PBXTargetDependency */,
			);
			name = iKidTests;
			productName = iKidTests;
			productReference = 41380D9D2BD962FC00B3D50F /* iKidTests.xctest */;
			productType = "com.apple.product-type.bundle.unit-test";
		};
		41380DA62BD962FC00B3D50F /* iKidUITests */ = {
			isa = PBXNativeTarget;
			buildConfigurationList = 41380DB72BD962FD00B3D50F /* Build configuration list for PBXNativeTarget "iKidUITests" */;
			buildPhases = (
				41380DA32BD962FC00B3D50F /* Sources */,
				41380DA42BD962FC00B3D50F /* Frameworks */,
				41380DA52BD962FC00B3D50F /* Resources */,
			);
			buildRules = (
			);
			dependencies = (
				41380DA92BD962FC00B3D50F /* PBXTargetDependency */,
			);
			name = iKidUITests;
			productName = iKidUITests;
			productReference = 41380DA72BD962FC00B3D50F /* iKidUITests.xctest */;
			productType = "com.apple.product-type.bundle.ui-testing";
		};
/* End PBXNativeTarget section */

/* Begin PBXProject section */
		41380D7F2BD962FA00B3D50F /* Project object */ = {
			isa = PBXProject;
			attributes = {
				BuildIndependentTargetsInParallel = 1;
				LastSwiftUpdateCheck = 1530;
				LastUpgradeCheck = 1530;
				TargetAttributes = {
					41380D862BD962FA00B3D50F = {
						CreatedOnToolsVersion = 15.3;
					};
					41380D9C2BD962FC00B3D50F = {
						CreatedOnToolsVersion = 15.3;
						TestTargetID = 41380D862BD962FA00B3D50F;
					};
					41380DA62BD962FC00B3D50F = {
						CreatedOnToolsVersion = 15.3;
						TestTargetID = 41380D862BD962FA00B3D50F;
					};
				};
			};
			buildConfigurationList = 41380D822BD962FA00B3D50F /* Build configuration list for PBXProject "iKid" */;
			compatibilityVersion = "Xcode 14.0";
			developmentRegion = en;
			hasScannedForEncodings = 0;
			knownRegions = (
				en,
				Base,
			);
			mainGroup = 41380D7E2BD962FA00B3D50F;
			productRefGroup = 41380D882BD962FA00B3D50F /* Products */;
			projectDirPath = "";
			projectRoot = "";
			targets = (
				41380D862BD962FA00B3D50F /* iKid */,
				41380D9C2BD962FC00B3D50F /* iKidTests */,
				41380DA62BD962FC00B3D50F /* iKidUITests */,
			);
		};
/* End PBXProject section */

/* Begin PBXResourcesBuildPhase section */
		41380D852BD962FA00B3D50F /* Resources */ = {
			isa = PBXResourcesBuildPhase;
			buildActionMask = 2147483647;
			files = (
				41380D942BD962FC00B3D50F /* Assets.xcassets in Resources */,
				41380D972BD962FC00B3D50F /* Base in Resources */,
				41380D922BD962FA00B3D50F /* Base in Resources */,
			);
			runOnlyForDeploymentPostprocessing = 0;
		};
		41380D9B2BD962FC00B3D50F /* Resources */ = {
			isa = PBXResourcesBuildPhase;
			buildActionMask = 2147483647;
			files = (
			);
			runOnlyForDeploymentPostprocessing = 0;
		};
		41380DA52BD962FC00B3D50F /* Resources */ = {
			isa = PBXResourcesBuildPhase;
			buildActionMask = 2147483647;
			files = (
			);
			runOnlyForDeploymentPostprocessing = 0;
		};
/* End PBXResourcesBuildPhase section */

/* Begin PBXSourcesBuildPhase section */
		41380D832BD962FA00B3D50F /* Sources */ = {
			isa = PBXSourcesBuildPhase;
			buildActionMask = 2147483647;
			files = (
				41380DBB2BD9668000B3D50F /* GoodJokeViewController.swift in Sources */,
				41380D8F2BD962FA00B3D50F /* ViewController.swift in Sources */,
				41380D8B2BD962FA00B3D50F /* AppDelegate.swift in Sources */,
				41BC91882BDB15C500B4AD2D /* DisplayJokeViewController.swift in Sources */,
				41380D8D2BD962FA00B3D50F /* SceneDelegate.swift in Sources */,
				41380DBD2BD9669A00B3D50F /* PunJokeViewController.swift in Sources */,
				41380DBF2BD966BE00B3D50F /* DadJokeViewController.swift in Sources */,
			);
			runOnlyForDeploymentPostprocessing = 0;
		};
		41380D992BD962FC00B3D50F /* Sources */ = {
			isa = PBXSourcesBuildPhase;
			buildActionMask = 2147483647;
			files = (
				41380DA22BD962FC00B3D50F /* iKidTests.swift in Sources */,
			);
			runOnlyForDeploymentPostprocessing = 0;
		};
		41380DA32BD962FC00B3D50F /* Sources */ = {
			isa = PBXSourcesBuildPhase;
			buildActionMask = 2147483647;
			files = (
				41380DAC2BD962FC00B3D50F /* iKidUITests.swift in Sources */,
				41380DAE2BD962FD00B3D50F /* iKidUITestsLaunchTests.swift in Sources */,
			);
			runOnlyForDeploymentPostprocessing = 0;
		};
/* End PBXSourcesBuildPhase section */

/* Begin PBXTargetDependency section */
		41380D9F2BD962FC00B3D50F /* PBXTargetDependency */ = {
			isa = PBXTargetDependency;
			target = 41380D862BD962FA00B3D50F /* iKid */;
			targetProxy = 41380D9E2BD962FC00B3D50F /* PBXContainerItemProxy */;
		};
		41380DA92BD962FC00B3D50F /* PBXTargetDependency */ = {
			isa = PBXTargetDependency;
			target = 41380D862BD962FA00B3D50F /* iKid */;
			targetProxy = 41380DA82BD962FC00B3D50F /* PBXContainerItemProxy */;
		};
/* End PBXTargetDependency section */

/* Begin PBXVariantGroup section */
		41380D902BD962FA00B3D50F /* Main.storyboard */ = {
			isa = PBXVariantGroup;
			children = (
				41380D912BD962FA00B3D50F /* Base */,
			);
			name = Main.storyboard;
			sourceTree = "<group>";
		};
		41380D952BD962FC00B3D50F /* LaunchScreen.storyboard */ = {
			isa = PBXVariantGroup;
			children = (
				41380D962BD962FC00B3D50F /* Base */,
			);
			name = LaunchScreen.storyboard;
			sourceTree = "<group>";
		};
/* End PBXVariantGroup section */

/* Begin XCBuildConfiguration section */
		41380DAF2BD962FD00B3D50F /* Debug */ = {
			isa = XCBuildConfiguration;
			buildSettings = {
				ALWAYS_SEARCH_USER_PATHS = NO;
				ASSETCATALOG_COMPILER_GENERATE_SWIFT_ASSET_SYMBOL_EXTENSIONS = YES;
				CLANG_ANALYZER_NONNULL = YES;
				CLANG_ANALYZER_NUMBER_OBJECT_CONVERSION = YES_AGGRESSIVE;
				CLANG_CXX_LANGUAGE_STANDARD = "gnu++20";
				CLANG_ENABLE_MODULES = YES;
				CLANG_ENABLE_OBJC_ARC = YES;
				CLANG_ENABLE_OBJC_WEAK = YES;
				CLANG_WARN_BLOCK_CAPTURE_AUTORELEASING = YES;
				CLANG_WARN_BOOL_CONVERSION = YES;
				CLANG_WARN_COMMA = YES;
				CLANG_WARN_CONSTANT_CONVERSION = YES;
				CLANG_WARN_DEPRECATED_OBJC_IMPLEMENTATIONS = YES;
				CLANG_WARN_DIRECT_OBJC_ISA_USAGE = YES_ERROR;
				CLANG_WARN_DOCUMENTATION_COMMENTS = YES;
				CLANG_WARN_EMPTY_BODY = YES;
				CLANG_WARN_ENUM_CONVERSION = YES;
				CLANG_WARN_INFINITE_RECURSION = YES;
				CLANG_WARN_INT_CONVERSION = YES;
				CLANG_WARN_NON_LITERAL_NULL_CONVERSION = YES;
				CLANG_WARN_OBJC_IMPLICIT_RETAIN_SELF = YES;
				CLANG_WARN_OBJC_LITERAL_CONVERSION = YES;
				CLANG_WARN_OBJC_ROOT_CLASS = YES_ERROR;
				CLANG_WARN_QUOTED_INCLUDE_IN_FRAMEWORK_HEADER = YES;
				CLANG_WARN_RANGE_LOOP_ANALYSIS = YES;
				CLANG_WARN_STRICT_PROTOTYPES = YES;
				CLANG_WARN_SUSPICIOUS_MOVE = YES;
				CLANG_WARN_UNGUARDED_AVAILABILITY = YES_AGGRESSIVE;
				CLANG_WARN_UNREACHABLE_CODE = YES;
				CLANG_WARN__DUPLICATE_METHOD_MATCH = YES;
				COPY_PHASE_STRIP = NO;
				DEBUG_INFORMATION_FORMAT = dwarf;
				ENABLE_STRICT_OBJC_MSGSEND = YES;
				ENABLE_TESTABILITY = YES;
				ENABLE_USER_SCRIPT_SANDBOXING = YES;
				GCC_C_LANGUAGE_STANDARD = gnu17;
				GCC_DYNAMIC_NO_PIC = NO;
				GCC_NO_COMMON_BLOCKS = YES;
				GCC_OPTIMIZATION_LEVEL = 0;
				GCC_PREPROCESSOR_DEFINITIONS = (
					"DEBUG=1",
					"$(inherited)",
				);
				GCC_WARN_64_TO_32_BIT_CONVERSION = YES;
				GCC_WARN_ABOUT_RETURN_TYPE = YES_ERROR;
				GCC_WARN_UNDECLARED_SELECTOR = YES;
				GCC_WARN_UNINITIALIZED_AUTOS = YES_AGGRESSIVE;
				GCC_WARN_UNUSED_FUNCTION = YES;
				GCC_WARN_UNUSED_VARIABLE = YES;
				IPHONEOS_DEPLOYMENT_TARGET = 17.4;
				LOCALIZATION_PREFERS_STRING_CATALOGS = YES;
				MTL_ENABLE_DEBUG_INFO = INCLUDE_SOURCE;
				MTL_FAST_MATH = YES;
				ONLY_ACTIVE_ARCH = YES;
				SDKROOT = iphoneos;
				SWIFT_ACTIVE_COMPILATION_CONDITIONS = "DEBUG $(inherited)";
				SWIFT_OPTIMIZATION_LEVEL = "-Onone";
			};
			name = Debug;
		};
		41380DB02BD962FD00B3D50F /* Release */ = {
			isa = XCBuildConfiguration;
			buildSettings = {
				ALWAYS_SEARCH_USER_PATHS = NO;
				ASSETCATALOG_COMPILER_GENERATE_SWIFT_ASSET_SYMBOL_EXTENSIONS = YES;
				CLANG_ANALYZER_NONNULL = YES;
				CLANG_ANALYZER_NUMBER_OBJECT_CONVERSION = YES_AGGRESSIVE;
				CLANG_CXX_LANGUAGE_STANDARD = "gnu++20";
				CLANG_ENABLE_MODULES = YES;
				CLANG_ENABLE_OBJC_ARC = YES;
				CLANG_ENABLE_OBJC_WEAK = YES;
				CLANG_WARN_BLOCK_CAPTURE_AUTORELEASING = YES;
				CLANG_WARN_BOOL_CONVERSION = YES;
				CLANG_WARN_COMMA = YES;
				CLANG_WARN_CONSTANT_CONVERSION = YES;
				CLANG_WARN_DEPRECATED_OBJC_IMPLEMENTATIONS = YES;
				CLANG_WARN_DIRECT_OBJC_ISA_USAGE = YES_ERROR;
				CLANG_WARN_DOCUMENTATION_COMMENTS = YES;
				CLANG_WARN_EMPTY_BODY = YES;
				CLANG_WARN_ENUM_CONVERSION = YES;
				CLANG_WARN_INFINITE_RECURSION = YES;
				CLANG_WARN_INT_CONVERSION = YES;
				CLANG_WARN_NON_LITERAL_NULL_CONVERSION = YES;
				CLANG_WARN_OBJC_IMPLICIT_RETAIN_SELF = YES;
				CLANG_WARN_OBJC_LITERAL_CONVERSION = YES;
				CLANG_WARN_OBJC_ROOT_CLASS = YES_ERROR;
				CLANG_WARN_QUOTED_INCLUDE_IN_FRAMEWORK_HEADER = YES;
				CLANG_WARN_RANGE_LOOP_ANALYSIS = YES;
				CLANG_WARN_STRICT_PROTOTYPES = YES;
				CLANG_WARN_SUSPICIOUS_MOVE = YES;
				CLANG_WARN_UNGUARDED_AVAILABILITY = YES_AGGRESSIVE;
				CLANG_WARN_UNREACHABLE_CODE = YES;
				CLANG_WARN__DUPLICATE_METHOD_MATCH = YES;
				COPY_PHASE_STRIP = NO;
				DEBUG_INFORMATION_FORMAT = "dwarf-with-dsym";
				ENABLE_NS_ASSERTIONS = NO;
				ENABLE_STRICT_OBJC_MSGSEND = YES;
				ENABLE_USER_SCRIPT_SANDBOXING = YES;
				GCC_C_LANGUAGE_STANDARD = gnu17;
				GCC_NO_COMMON_BLOCKS = YES;
				GCC_WARN_64_TO_32_BIT_CONVERSION = YES;
				GCC_WARN_ABOUT_RETURN_TYPE = YES_ERROR;
				GCC_WARN_UNDECLARED_SELECTOR = YES;
				GCC_WARN_UNINITIALIZED_AUTOS = YES_AGGRESSIVE;
				GCC_WARN_UNUSED_FUNCTION = YES;
				GCC_WARN_UNUSED_VARIABLE = YES;
				IPHONEOS_DEPLOYMENT_TARGET = 17.4;
				LOCALIZATION_PREFERS_STRING_CATALOGS = YES;
				MTL_ENABLE_DEBUG_INFO = NO;
				MTL_FAST_MATH = YES;
				SDKROOT = iphoneos;
				SWIFT_COMPILATION_MODE = wholemodule;
				VALIDATE_PRODUCT = YES;
			};
			name = Release;
		};
		41380DB22BD962FD00B3D50F /* Debug */ = {
			isa = XCBuildConfiguration;
			buildSettings = {
				ASSETCATALOG_COMPILER_APPICON_NAME = AppIcon;
				ASSETCATALOG_COMPILER_GLOBAL_ACCENT_COLOR_NAME = AccentColor;
				CODE_SIGN_STYLE = Automatic;
				CURRENT_PROJECT_VERSION = 1;
				DEVELOPMENT_TEAM = S37TD277XF;
				GENERATE_INFOPLIST_FILE = YES;
				INFOPLIST_FILE = iKid/Info.plist;
				INFOPLIST_KEY_UIApplicationSupportsIndirectInputEvents = YES;
				INFOPLIST_KEY_UILaunchStoryboardName = LaunchScreen;
				INFOPLIST_KEY_UIMainStoryboardFile = Main;
				INFOPLIST_KEY_UISupportedInterfaceOrientations_iPad = "UIInterfaceOrientationPortrait UIInterfaceOrientationPortraitUpsideDown UIInterfaceOrientationLandscapeLeft UIInterfaceOrientationLandscapeRight";
				INFOPLIST_KEY_UISupportedInterfaceOrientations_iPhone = "UIInterfaceOrientationPortrait UIInterfaceOrientationLandscapeLeft UIInterfaceOrientationLandscapeRight";
				LD_RUNPATH_SEARCH_PATHS = (
					"$(inherited)",
					"@executable_path/Frameworks",
				);
				MARKETING_VERSION = 1.0;
				PRODUCT_BUNDLE_IDENTIFIER = uw.edu.long1104.iKid;
				PRODUCT_NAME = "$(TARGET_NAME)";
				SWIFT_EMIT_LOC_STRINGS = YES;
				SWIFT_VERSION = 5.0;
				TARGETED_DEVICE_FAMILY = "1,2";
			};
			name = Debug;
		};
		41380DB32BD962FD00B3D50F /* Release */ = {
			isa = XCBuildConfiguration;
			buildSettings = {
				ASSETCATALOG_COMPILER_APPICON_NAME = AppIcon;
				ASSETCATALOG_COMPILER_GLOBAL_ACCENT_COLOR_NAME = AccentColor;
				CODE_SIGN_STYLE = Automatic;
				CURRENT_PROJECT_VERSION = 1;
				DEVELOPMENT_TEAM = S37TD277XF;
				GENERATE_INFOPLIST_FILE = YES;
				INFOPLIST_FILE = iKid/Info.plist;
				INFOPLIST_KEY_UIApplicationSupportsIndirectInputEvents = YES;
				INFOPLIST_KEY_UILaunchStoryboardName = LaunchScreen;
				INFOPLIST_KEY_UIMainStoryboardFile = Main;
				INFOPLIST_KEY_UISupportedInterfaceOrientations_iPad = "UIInterfaceOrientationPortrait UIInterfaceOrientationPortraitUpsideDown UIInterfaceOrientationLandscapeLeft UIInterfaceOrientationLandscapeRight";
				INFOPLIST_KEY_UISupportedInterfaceOrientations_iPhone = "UIInterfaceOrientationPortrait UIInterfaceOrientationLandscapeLeft UIInterfaceOrientationLandscapeRight";
				LD_RUNPATH_SEARCH_PATHS = (
					"$(inherited)",
					"@executable_path/Frameworks",
				);
				MARKETING_VERSION = 1.0;
				PRODUCT_BUNDLE_IDENTIFIER = uw.edu.long1104.iKid;
				PRODUCT_NAME = "$(TARGET_NAME)";
				SWIFT_EMIT_LOC_STRINGS = YES;
				SWIFT_VERSION = 5.0;
				TARGETED_DEVICE_FAMILY = "1,2";
			};
			name = Release;
		};
		41380DB52BD962FD00B3D50F /* Debug */ = {
			isa = XCBuildConfiguration;
			buildSettings = {
				ALWAYS_EMBED_SWIFT_STANDARD_LIBRARIES = YES;
				BUNDLE_LOADER = "$(TEST_HOST)";
				CODE_SIGN_STYLE = Automatic;
				CURRENT_PROJECT_VERSION = 1;
				DEVELOPMENT_TEAM = S37TD277XF;
				GENERATE_INFOPLIST_FILE = YES;
				IPHONEOS_DEPLOYMENT_TARGET = 17.4;
				MARKETING_VERSION = 1.0;
				PRODUCT_BUNDLE_IDENTIFIER = uw.edu.long1104.iKidTests;
				PRODUCT_NAME = "$(TARGET_NAME)";
				SWIFT_EMIT_LOC_STRINGS = NO;
				SWIFT_VERSION = 5.0;
				TARGETED_DEVICE_FAMILY = "1,2";
				TEST_HOST = "$(BUILT_PRODUCTS_DIR)/iKid.app/$(BUNDLE_EXECUTABLE_FOLDER_PATH)/iKid";
			};
			name = Debug;
		};
		41380DB62BD962FD00B3D50F /* Release */ = {
			isa = XCBuildConfiguration;
			buildSettings = {
				ALWAYS_EMBED_SWIFT_STANDARD_LIBRARIES = YES;
				BUNDLE_LOADER = "$(TEST_HOST)";
				CODE_SIGN_STYLE = Automatic;
				CURRENT_PROJECT_VERSION = 1;
				DEVELOPMENT_TEAM = S37TD277XF;
				GENERATE_INFOPLIST_FILE = YES;
				IPHONEOS_DEPLOYMENT_TARGET = 17.4;
				MARKETING_VERSION = 1.0;
				PRODUCT_BUNDLE_IDENTIFIER = uw.edu.long1104.iKidTests;
				PRODUCT_NAME = "$(TARGET_NAME)";
				SWIFT_EMIT_LOC_STRINGS = NO;
				SWIFT_VERSION = 5.0;
				TARGETED_DEVICE_FAMILY = "1,2";
				TEST_HOST = "$(BUILT_PRODUCTS_DIR)/iKid.app/$(BUNDLE_EXECUTABLE_FOLDER_PATH)/iKid";
			};
			name = Release;
		};
		41380DB82BD962FD00B3D50F /* Debug */ = {
			isa = XCBuildConfiguration;
			buildSettings = {
				ALWAYS_EMBED_SWIFT_STANDARD_LIBRARIES = YES;
				CODE_SIGN_STYLE = Automatic;
				CURRENT_PROJECT_VERSION = 1;
				DEVELOPMENT_TEAM = S37TD277XF;
				GENERATE_INFOPLIST_FILE = YES;
				MARKETING_VERSION = 1.0;
				PRODUCT_BUNDLE_IDENTIFIER = uw.edu.long1104.iKidUITests;
				PRODUCT_NAME = "$(TARGET_NAME)";
				SWIFT_EMIT_LOC_STRINGS = NO;
				SWIFT_VERSION = 5.0;
				TARGETED_DEVICE_FAMILY = "1,2";
				TEST_TARGET_NAME = iKid;
			};
			name = Debug;
		};
		41380DB92BD962FD00B3D50F /* Release */ = {
			isa = XCBuildConfiguration;
			buildSettings = {
				ALWAYS_EMBED_SWIFT_STANDARD_LIBRARIES = YES;
				CODE_SIGN_STYLE = Automatic;
				CURRENT_PROJECT_VERSION = 1;
				DEVELOPMENT_TEAM = S37TD277XF;
				GENERATE_INFOPLIST_FILE = YES;
				MARKETING_VERSION = 1.0;
				PRODUCT_BUNDLE_IDENTIFIER = uw.edu.long1104.iKidUITests;
				PRODUCT_NAME = "$(TARGET_NAME)";
				SWIFT_EMIT_LOC_STRINGS = NO;
				SWIFT_VERSION = 5.0;
				TARGETED_DEVICE_FAMILY = "1,2";
				TEST_TARGET_NAME = iKid;
			};
			name = Release;
		};
/* End XCBuildConfiguration section */

/* Begin XCConfigurationList section */
		41380D822BD962FA00B3D50F /* Build configuration list for PBXProject "iKid" */ = {
			isa = XCConfigurationList;
			buildConfigurations = (
				41380DAF2BD962FD00B3D50F /* Debug */,
				41380DB02BD962FD00B3D50F /* Release */,
			);
			defaultConfigurationIsVisible = 0;
			defaultConfigurationName = Release;
		};
		41380DB12BD962FD00B3D50F /* Build configuration list for PBXNativeTarget "iKid" */ = {
			isa = XCConfigurationList;
			buildConfigurations = (
				41380DB22BD962FD00B3D50F /* Debug */,
				41380DB32BD962FD00B3D50F /* Release */,
			);
			defaultConfigurationIsVisible = 0;
			defaultConfigurationName = Release;
		};
		41380DB42BD962FD00B3D50F /* Build configuration list for PBXNativeTarget "iKidTests" */ = {
			isa = XCConfigurationList;
			buildConfigurations = (
				41380DB52BD962FD00B3D50F /* Debug */,
				41380DB62BD962FD00B3D50F /* Release */,
			);
			defaultConfigurationIsVisible = 0;
			defaultConfigurationName = Release;
		};
		41380DB72BD962FD00B3D50F /* Build configuration list for PBXNativeTarget "iKidUITests" */ = {
			isa = XCConfigurationList;
			buildConfigurations = (
				41380DB82BD962FD00B3D50F /* Debug */,
				41380DB92BD962FD00B3D50F /* Release */,
			);
			defaultConfigurationIsVisible = 0;
			defaultConfigurationName = Release;
		};
/* End XCConfigurationList section */
	};
	rootObject = 41380D7F2BD962FA00B3D50F /* Project object */;
}
